
Microsoft Visual Studio Solution File, Format Version 12.00
# Visual Studio Version 17
VisualStudioVersion = 17.0.32014.148
MinimumVisualStudioVersion = 10.0.40219.1
Project("{2150E333-8FDC-42A3-9474-1A3956D46DE8}") = "Solution Items", "Solution Items", "{C8F5BC40-186A-4F2A-81BF-BED0028E3C83}"
	ProjectSection(SolutionItems) = preProject
		Directory.Build.props = Directory.Build.props
	EndProjectSection
EndProject
Project("{9A19103F-16F7-4668-BE54-9A1E7A4F7556}") = "StopSnooze.Tests", "StopSnooze.Tests\StopSnooze.Tests.csproj", "{1D40A339-BAAB-4716-8FB7-84F2B8B29422}"
EndProject
Project("{9A19103F-16F7-4668-BE54-9A1E7A4F7556}") = "StopSnooze.Runner", "StopSnooze.Runner\StopSnooze.Runner.csproj", "{D516ED6A-13CE-46DC-BD5C-2A83236CBB27}"
EndProject
Project("{9A19103F-16F7-4668-BE54-9A1E7A4F7556}") = "StopSnooze.Core", "StopSnooze.Core\StopSnooze.Core.csproj", "{263F41D6-165C-4842-8982-D48C7D805B84}"
EndProject
Global
	GlobalSection(SolutionConfigurationPlatforms) = preSolution
		Debug|Any CPU = Debug|Any CPU
		Debug|x64 = Debug|x64
		Release|Any CPU = Release|Any CPU
		Release|x64 = Release|x64
	EndGlobalSection
	GlobalSection(ProjectConfigurationPlatforms) = postSolution
		{1D40A339-BAAB-4716-8FB7-84F2B8B29422}.Debug|Any CPU.ActiveCfg = Debug|Any CPU
		{1D40A339-BAAB-4716-8FB7-84F2B8B29422}.Debug|Any CPU.Build.0 = Debug|Any CPU
		{1D40A339-BAAB-4716-8FB7-84F2B8B29422}.Debug|x64.ActiveCfg = Debug|x64
		{1D40A339-BAAB-4716-8FB7-84F2B8B29422}.Debug|x64.Build.0 = Debug|x64
		{1D40A339-BAAB-4716-8FB7-84F2B8B29422}.Release|Any CPU.ActiveCfg = Release|Any CPU
		{1D40A339-BAAB-4716-8FB7-84F2B8B29422}.Release|Any CPU.Build.0 = Release|Any CPU
		{1D40A339-BAAB-4716-8FB7-84F2B8B29422}.Release|x64.ActiveCfg = Release|x64
		{1D40A339-BAAB-4716-8FB7-84F2B8B29422}.Release|x64.Build.0 = Release|x64
		{D516ED6A-13CE-46DC-BD5C-2A83236CBB27}.Debug|Any CPU.ActiveCfg = Debug|Any CPU
		{D516ED6A-13CE-46DC-BD5C-2A83236CBB27}.Debug|Any CPU.Build.0 = Debug|Any CPU
		{D516ED6A-13CE-46DC-BD5C-2A83236CBB27}.Debug|x64.ActiveCfg = Debug|x64
		{D516ED6A-13CE-46DC-BD5C-2A83236CBB27}.Debug|x64.Build.0 = Debug|x64
		{D516ED6A-13CE-46DC-BD5C-2A83236CBB27}.Release|Any CPU.ActiveCfg = Release|Any CPU
		{D516ED6A-13CE-46DC-BD5C-2A83236CBB27}.Release|Any CPU.Build.0 = Release|Any CPU
		{D516ED6A-13CE-46DC-BD5C-2A83236CBB27}.Release|x64.ActiveCfg = Release|x64
		{D516ED6A-13CE-46DC-BD5C-2A83236CBB27}.Release|x64.Build.0 = Release|x64
		{263F41D6-165C-4842-8982-D48C7D805B84}.Debug|Any CPU.ActiveCfg = Debug|Any CPU
		{263F41D6-165C-4842-8982-D48C7D805B84}.Debug|Any CPU.Build.0 = Debug|Any CPU
		{263F41D6-165C-4842-8982-D48C7D805B84}.Debug|x64.ActiveCfg = Debug|x64
		{263F41D6-165C-4842-8982-D48C7D805B84}.Debug|x64.Build.0 = Debug|x64
		{263F41D6-165C-4842-8982-D48C7D805B84}.Release|Any CPU.ActiveCfg = Release|Any CPU
		{263F41D6-165C-4842-8982-D48C7D805B84}.Release|Any CPU.Build.0 = Release|Any CPU
		{263F41D6-165C-4842-8982-D48C7D805B84}.Release|x64.ActiveCfg = Release|x64
		{263F41D6-165C-4842-8982-D48C7D805B84}.Release|x64.Build.0 = Release|x64
	EndGlobalSection
	GlobalSection(SolutionProperties) = preSolution
		HideSolutionNode = FALSE
	EndGlobalSection
	GlobalSection(ExtensibilityGlobals) = postSolution
		SolutionGuid = {D61224C3-6BC7-4B03-8F02-B1FE355AC8D9}
	EndGlobalSection
EndGlobal
